
Microsoft Visual Studio Solution File, Format Version 12.00
# Visual Studio Version 16
VisualStudioVersion = 16.0.30330.147
MinimumVisualStudioVersion = 10.0.40219.1
Project("{FAE04EC0-301F-11D3-BF4B-00C04F79EFBC}") = "CV19", "CV19.csproj", "{3A36F7A3-9B35-4CC7-847E-512240E4BB79}"
EndProject
Project("{2150E333-8FDC-42A3-9474-1A3956D46DE8}") = "Tests", "Tests", "{36C642E9-A803-4453-858D-F783DC631FF0}"
EndProject
Project("{FAE04EC0-301F-11D3-BF4B-00C04F79EFBC}") = "CV19Console", "Tests\CV19Console\CV19Console.csproj", "{FD0F27CA-FD92-416A-8829-2FB94D1F21FE}"
EndProject
Global
	GlobalSection(SolutionConfigurationPlatforms) = preSolution
		Debug|Any CPU = Debug|Any CPU
		Release|Any CPU = Release|Any CPU
	EndGlobalSection
	GlobalSection(ProjectConfigurationPlatforms) = postSolution
		{3A36F7A3-9B35-4CC7-847E-512240E4BB79}.Debug|Any CPU.ActiveCfg = Debug|Any CPU
		{3A36F7A3-9B35-4CC7-847E-512240E4BB79}.Debug|Any CPU.Build.0 = Debug|Any CPU
		{3A36F7A3-9B35-4CC7-847E-512240E4BB79}.Release|Any CPU.ActiveCfg = Release|Any CPU
		{3A36F7A3-9B35-4CC7-847E-512240E4BB79}.Release|Any CPU.Build.0 = Release|Any CPU
		{FD0F27CA-FD92-416A-8829-2FB94D1F21FE}.Debug|Any CPU.ActiveCfg = Debug|Any CPU
		{FD0F27CA-FD92-416A-8829-2FB94D1F21FE}.Debug|Any CPU.Build.0 = Debug|Any CPU
		{FD0F27CA-FD92-416A-8829-2FB94D1F21FE}.Release|Any CPU.ActiveCfg = Release|Any CPU
		{FD0F27CA-FD92-416A-8829-2FB94D1F21FE}.Release|Any CPU.Build.0 = Release|Any CPU
	EndGlobalSection
	GlobalSection(SolutionProperties) = preSolution
		HideSolutionNode = FALSE
	EndGlobalSection
	GlobalSection(NestedProjects) = preSolution
		{FD0F27CA-FD92-416A-8829-2FB94D1F21FE} = {36C642E9-A803-4453-858D-F783DC631FF0}
	EndGlobalSection
	GlobalSection(ExtensibilityGlobals) = postSolution
		SolutionGuid = {1A485ADA-95BE-4E01-95DC-FA4427EEB3E9}
	EndGlobalSection
EndGlobal
